
Microsoft Visual Studio Solution File, Format Version 12.00
# Visual Studio 15
VisualStudioVersion = 15.0.28307.271
MinimumVisualStudioVersion = 10.0.40219.1
Project("{9A19103F-16F7-4668-BE54-9A1E7A4F7556}") = "Stratis.SmartContracts.TestChain", "Stratis.SmartContracts.TestChain\Stratis.SmartContracts.TestChain.csproj", "{414FAB5B-131F-44B3-8E51-C4F89AA4CD7C}"
EndProject
Project("{FAE04EC0-301F-11D3-BF4B-00C04F79EFBC}") = "Stratis.SmartContracts.TestChain.Tests", "Stratis.SmartContracts.TestChain.Tests\Stratis.SmartContracts.TestChain.Tests.csproj", "{06725890-ECAD-4683-8273-52170FE4B197}"
EndProject
Global
	GlobalSection(SolutionConfigurationPlatforms) = preSolution
		Debug|Any CPU = Debug|Any CPU
		Release|Any CPU = Release|Any CPU
	EndGlobalSection
	GlobalSection(ProjectConfigurationPlatforms) = postSolution
		{414FAB5B-131F-44B3-8E51-C4F89AA4CD7C}.Debug|Any CPU.ActiveCfg = Debug|Any CPU
		{414FAB5B-131F-44B3-8E51-C4F89AA4CD7C}.Debug|Any CPU.Build.0 = Debug|Any CPU
		{414FAB5B-131F-44B3-8E51-C4F89AA4CD7C}.Release|Any CPU.ActiveCfg = Release|Any CPU
		{414FAB5B-131F-44B3-8E51-C4F89AA4CD7C}.Release|Any CPU.Build.0 = Release|Any CPU
		{06725890-ECAD-4683-8273-52170FE4B197}.Debug|Any CPU.ActiveCfg = Debug|Any CPU
		{06725890-ECAD-4683-8273-52170FE4B197}.Debug|Any CPU.Build.0 = Debug|Any CPU
		{06725890-ECAD-4683-8273-52170FE4B197}.Release|Any CPU.ActiveCfg = Release|Any CPU
		{06725890-ECAD-4683-8273-52170FE4B197}.Release|Any CPU.Build.0 = Release|Any CPU
	EndGlobalSection
	GlobalSection(SolutionProperties) = preSolution
		HideSolutionNode = FALSE
	EndGlobalSection
	GlobalSection(ExtensibilityGlobals) = postSolution
		SolutionGuid = {8A9C45FD-57C6-4BD4-A9D1-95E3FF99B45D}
	EndGlobalSection
EndGlobal
